{
  "name": "kaleidophone-canvas",
  "version": "0.4.0",
  "lockfileVersion": 3,
  "requires": true,
  "packages": {
    "": {
      "name": "kaleidophone-canvas",
      "version": "0.4.0",
      "license": "Apache-2.0",
      "devDependencies": {
        "@fontsource/barlow-condensed": "5.3.0",
        "@fontsource/permanent-marker": "5.3.0",
        "@fontsource/space-mono": "5.3.0",
        "playwright-core": "1.56.1",
        "vazirmatn": "33.0.3"
      },
      "engines": {
        "node": ">=20"
      }
    },
    "node_modules/@fontsource/barlow-condensed": {
      "version": "5.3.0",
      "resolved": "https://registry.npmjs.org/@fontsource/barlow-condensed/-/barlow-condensed-5.3.0.tgz",
      "integrity": "sha512-RA7MmIx0v3eQ6Gcf74qLVLOwLB0GpPOzx+eU9iG/AmCnSJGcIWYeU8y6CEMGZ210MGwGg5CZhzLkkvyZdTTk1g==",
      "dev": true,
      "license": "OFL-1.1",
      "funding": {
        "url": "https://github.com/sponsors/ayuhito"
      }
    },
    "node_modules/@fontsource/permanent-marker": {
      "version": "5.3.0",
      "resolved": "https://registry.npmjs.org/@fontsource/permanent-marker/-/permanent-marker-5.3.0.tgz",
      "integrity": "sha512-ZO/NtYW4SCc/iY8N3dmjWyDITcXJ/vhWZFgnwRcvzwCKKnScMrM/a2/6VHlsjCVuIgmPzNrCFbedEYhv+/jJBg==",
      "dev": true,
      "license": "Apache-2.0",
      "funding": {
        "url": "https://github.com/sponsors/ayuhito"
      }
    },
    "node_modules/@fontsource/space-mono": {
      "version": "5.3.0",
      "resolved": "https://registry.npmjs.org/@fontsource/space-mono/-/space-mono-5.3.0.tgz",
      "integrity": "sha512-FrpBMOVWn3PRdRHlrZWC55X3kZG/2BTH7SM5ZyS/bky3iKya2BturI5lk+t0RoDQL2JyHzURsVq/EisCsxpI5A==",
      "dev": true,
      "license": "OFL-1.1",
      "funding": {
        "url": "https://github.com/sponsors/ayuhito"
      }
    },
    "node_modules/playwright-core": {
      "version": "1.56.1",
      "resolved": "https://registry.npmjs.org/playwright-core/-/playwright-core-1.56.1.tgz",
      "integrity": "sha512-hutraynyn31F+Bifme+Ps9Vq59hKuUCz7H1kDOcBs+2oGguKkWTU50bBWrtz34OUWmIwpBTWDxaRPXrIXkgvmQ==",
      "dev": true,
      "license": "Apache-2.0",
      "bin": {
        "playwright-core": "cli.js"
      },
      "engines": {
        "node": ">=18"
      }
    },
    "node_modules/vazirmatn": {
      "version": "33.0.3",
      "resolved": "https://registry.npmjs.org/vazirmatn/-/vazirmatn-33.0.3.tgz",
      "integrity": "sha512-fbjNc0CMjazZpIegWzz9OHGzI1APFboT+x7ZecXlUCtDe/nkyx7gtCTZnWS/+eeXG7fbfXymCPKJI8EsnM3iqw==",
      "dev": true,
      "license": "OFL"
    }
  }
}
